// !$*UTF8*$!
{
	archiveVersion = 1;
	classes = {
	};
	objectVersion = 47;
	objects = {

/* Begin PBXBuildFile section */
		B671D9271EB1159E005EE7E1 /* HorizontalDial.swift in Sources */ = {isa = PBXBuildFile; fileRef = B671D9261EB1159E005EE7E1 /* HorizontalDial.swift */; };
		B692BEC31BB5934400A8B098 /* AppDelegate.swift in Sources */ = {isa = PBXBuildFile; fileRef = B692BEC21BB5934400A8B098 /* AppDelegate.swift */; };
		B692BEC51BB5934400A8B098 /* ViewController.swift in Sources */ = {isa = PBXBuildFile; fileRef = B692BEC41BB5934400A8B098 /* ViewController.swift */; };
		B692BEC81BB5934400A8B098 /* Main.storyboard in Resources */ = {isa = PBXBuildFile; fileRef = B692BEC61BB5934400A8B098 /* Main.storyboard */; };
		B692BECA1BB5934400A8B098 /* Assets.xcassets in Resources */ = {isa = PBXBuildFile; fileRef = B692BEC91BB5934400A8B098 /* Assets.xcassets */; };
		B692BECD1BB5934400A8B098 /* LaunchScreen.storyboard in Resources */ = {isa = PBXBuildFile; fileRef = B692BECB1BB5934400A8B098 /* LaunchScreen.storyboard */; };
		B692BEE51BB5965900A8B098 /* lena_std.tif in Resources */ = {isa = PBXBuildFile; fileRef = B692BEE41BB5965900A8B098 /* lena_std.tif */; };
/* End PBXBuildFile section */

/* Begin PBXContainerItemProxy section */
		B692BED41BB5934400A8B098 /* PBXContainerItemProxy */ = {
			isa = PBXContainerItemProxy;
			containerPortal = B692BEB71BB5934400A8B098 /* Project object */;
			proxyType = 1;
			remoteGlobalIDString = B692BEBE1BB5934400A8B098;
			remoteInfo = KCJogDial;
		};
/* End PBXContainerItemProxy section */

/* Begin PBXFileReference section */
		B671D9261EB1159E005EE7E1 /* HorizontalDial.swift */ = {isa = PBXFileReference; lastKnownFileType = sourcecode.swift; name = HorizontalDial.swift; path = ../HorizontalDial.swift; sourceTree = "<group>"; };
		B692BEBF1BB5934400A8B098 /* KCHorizontalDial.app */ = {isa = PBXFileReference; explicitFileType = wrapper.application; includeInIndex = 0; path = KCHorizontalDial.app; sourceTree = BUILT_PRODUCTS_DIR; };
		B692BEC21BB5934400A8B098 /* AppDelegate.swift */ = {isa = PBXFileReference; lastKnownFileType = sourcecode.swift; path = AppDelegate.swift; sourceTree = "<group>"; };
		B692BEC41BB5934400A8B098 /* ViewController.swift */ = {isa = PBXFileReference; lastKnownFileType = sourcecode.swift; path = ViewController.swift; sourceTree = "<group>"; };
		B692BEC71BB5934400A8B098 /* Base */ = {isa = PBXFileReference; lastKnownFileType = file.storyboard; name = Base; path = Base.lproj/Main.storyboard; sourceTree = "<group>"; };
		B692BEC91BB5934400A8B098 /* Assets.xcassets */ = {isa = PBXFileReference; lastKnownFileType = folder.assetcatalog; path = Assets.xcassets; sourceTree = "<group>"; };
		B692BECC1BB5934400A8B098 /* Base */ = {isa = PBXFileReference; lastKnownFileType = file.storyboard; name = Base; path = Base.lproj/LaunchScreen.storyboard; sourceTree = "<group>"; };
		B692BECE1BB5934400A8B098 /* Info.plist */ = {isa = PBXFileReference; lastKnownFileType = text.plist.xml; path = Info.plist; sourceTree = "<group>"; };
		B692BED31BB5934400A8B098 /* KCHorizontalDial.xctest */ = {isa = PBXFileReference; explicitFileType = wrapper.cfbundle; includeInIndex = 0; path = KCHorizontalDial.xctest; sourceTree = BUILT_PRODUCTS_DIR; };
		B692BEE41BB5965900A8B098 /* lena_std.tif */ = {isa = PBXFileReference; lastKnownFileType = image.tiff; path = lena_std.tif; sourceTree = "<group>"; };
/* End PBXFileReference section */

/* Begin PBXFrameworksBuildPhase section */
		B692BEBC1BB5934400A8B098 /* Frameworks */ = {
			isa = PBXFrameworksBuildPhase;
			buildActionMask = 2147483647;
			files = (
			);
			runOnlyForDeploymentPostprocessing = 0;
		};
		B692BED01BB5934400A8B098 /* Frameworks */ = {
			isa = PBXFrameworksBuildPhase;
			buildActionMask = 2147483647;
			files = (
			);
			runOnlyForDeploymentPostprocessing = 0;
		};
/* End PBXFrameworksBuildPhase section */

/* Begin PBXGroup section */
		B692BEB61BB5934400A8B098 = {
			isa = PBXGroup;
			children = (
				B692BEC11BB5934400A8B098 /* HorizontalDial */,
				B692BEC01BB5934400A8B098 /* Products */,
			);
			sourceTree = "<group>";
		};
		B692BEC01BB5934400A8B098 /* Products */ = {
			isa = PBXGroup;
			children = (
				B692BEBF1BB5934400A8B098 /* KCHorizontalDial.app */,
				B692BED31BB5934400A8B098 /* KCHorizontalDial.xctest */,
			);
			name = Products;
			sourceTree = "<group>";
		};
		B692BEC11BB5934400A8B098 /* HorizontalDial */ = {
			isa = PBXGroup;
			children = (
				B692BEE41BB5965900A8B098 /* lena_std.tif */,
				B692BEC21BB5934400A8B098 /* AppDelegate.swift */,
				B692BEC41BB5934400A8B098 /* ViewController.swift */,
				B692BEC61BB5934400A8B098 /* Main.storyboard */,
				B692BEC91BB5934400A8B098 /* Assets.xcassets */,
				B692BECB1BB5934400A8B098 /* LaunchScreen.storyboard */,
				B692BECE1BB5934400A8B098 /* Info.plist */,
				B671D9261EB1159E005EE7E1 /* HorizontalDial.swift */,
			);
			name = HorizontalDial;
			path = KCJogDial;
			sourceTree = "<group>";
		};
/* End PBXGroup section */

/* Begin PBXNativeTarget section */
		B692BEBE1BB5934400A8B098 /* KCHorizontalDial */ = {
			isa = PBXNativeTarget;
			buildConfigurationList = B692BEDC1BB5934400A8B098 /* Build configuration list for PBXNativeTarget "KCHorizontalDial" */;
			buildPhases = (
				B692BEBB1BB5934400A8B098 /* Sources */,
				B692BEBC1BB5934400A8B098 /* Frameworks */,
				B692BEBD1BB5934400A8B098 /* Resources */,
			);
			buildRules = (
			);
			dependencies = (
			);
			name = KCHorizontalDial;
			productName = KCJogDial;
			productReference = B692BEBF1BB5934400A8B098 /* KCHorizontalDial.app */;
			productType = "com.apple.product-type.application";
		};
		B692BED21BB5934400A8B098 /* KCHorizontalDialUITests */ = {
			isa = PBXNativeTarget;
			buildConfigurationList = B692BEDF1BB5934400A8B098 /* Build configuration list for PBXNativeTarget "KCHorizontalDialUITests" */;
			buildPhases = (
				B692BECF1BB5934400A8B098 /* Sources */,
				B692BED01BB5934400A8B098 /* Frameworks */,
				B692BED11BB5934400A8B098 /* Resources */,
			);
			buildRules = (
			);
			dependencies = (
				B692BED51BB5934400A8B098 /* PBXTargetDependency */,
			);
			name = KCHorizontalDialUITests;
			productName = KCJogDialUITests;
			productReference = B692BED31BB5934400A8B098 /* KCHorizontalDial.xctest */;
			productType = "com.apple.product-type.bundle.ui-testing";
		};
/* End PBXNativeTarget section */

/* Begin PBXProject section */
		B692BEB71BB5934400A8B098 /* Project object */ = {
			isa = PBXProject;
			attributes = {
				LastUpgradeCheck = 0800;
				ORGANIZATIONNAME = LeeSunhyoup;
				TargetAttributes = {
					B692BEBE1BB5934400A8B098 = {
						CreatedOnToolsVersion = 7.0;
						LastSwiftMigration = 0800;
					};
					B692BED21BB5934400A8B098 = {
						CreatedOnToolsVersion = 7.0;
						TestTargetID = B692BEBE1BB5934400A8B098;
					};
				};
			};
			buildConfigurationList = B692BEBA1BB5934400A8B098 /* Build configuration list for PBXProject "HorizontalDial" */;
			compatibilityVersion = "Xcode 6.3";
			developmentRegion = English;
			hasScannedForEncodings = 0;
			knownRegions = (
				en,
				Base,
			);
			mainGroup = B692BEB61BB5934400A8B098;
			productRefGroup = B692BEC01BB5934400A8B098 /* Products */;
			projectDirPath = "";
			projectRoot = "";
			targets = (
				B692BEBE1BB5934400A8B098 /* KCHorizontalDial */,
				B692BED21BB5934400A8B098 /* KCHorizontalDialUITests */,
			);
		};
/* End PBXProject section */

/* Begin PBXResourcesBuildPhase section */
		B692BEBD1BB5934400A8B098 /* Resources */ = {
			isa = PBXResourcesBuildPhase;
			buildActionMask = 2147483647;
			files = (
				B692BECD1BB5934400A8B098 /* LaunchScreen.storyboard in Resources */,
				B692BECA1BB5934400A8B098 /* Assets.xcassets in Resources */,
				B692BEC81BB5934400A8B098 /* Main.storyboard in Resources */,
				B692BEE51BB5965900A8B098 /* lena_std.tif in Resources */,
			);
			runOnlyForDeploymentPostprocessing = 0;
		};
		B692BED11BB5934400A8B098 /* Resources */ = {
			isa = PBXResourcesBuildPhase;
			buildActionMask = 2147483647;
			files = (
			);
			runOnlyForDeploymentPostprocessing = 0;
		};
/* End PBXResourcesBuildPhase section */

/* Begin PBXSourcesBuildPhase section */
		B692BEBB1BB5934400A8B098 /* Sources */ = {
			isa = PBXSourcesBuildPhase;
			buildActionMask = 2147483647;
			files = (
				B692BEC51BB5934400A8B098 /* ViewController.swift in Sources */,
				B692BEC31BB5934400A8B098 /* AppDelegate.swift in Sources */,
				B671D9271EB1159E005EE7E1 /* HorizontalDial.swift in Sources */,
			);
			runOnlyForDeploymentPostprocessing = 0;
		};
		B692BECF1BB5934400A8B098 /* Sources */ = {
			isa = PBXSourcesBuildPhase;
			buildActionMask = 2147483647;
			files = (
			);
			runOnlyForDeploymentPostprocessing = 0;
		};
/* End PBXSourcesBuildPhase section */

/* Begin PBXTargetDependency section */
		B692BED51BB5934400A8B098 /* PBXTargetDependency */ = {
			isa = PBXTargetDependency;
			target = B692BEBE1BB5934400A8B098 /* KCHorizontalDial */;
			targetProxy = B692BED41BB5934400A8B098 /* PBXContainerItemProxy */;
		};
/* End PBXTargetDependency section */

/* Begin PBXVariantGroup section */
		B692BEC61BB5934400A8B098 /* Main.storyboard */ = {
			isa = PBXVariantGroup;
			children = (
				B692BEC71BB5934400A8B098 /* Base */,
			);
			name = Main.storyboard;
			sourceTree = "<group>";
		};
		B692BECB1BB5934400A8B098 /* LaunchScreen.storyboard */ = {
			isa = PBXVariantGroup;
			children = (
				B692BECC1BB5934400A8B098 /* Base */,
			);
			name = LaunchScreen.storyboard;
			sourceTree = "<group>";
		};
/* End PBXVariantGroup section */

/* Begin XCBuildConfiguration section */
		B692BEDA1BB5934400A8B098 /* Debug */ = {
			isa = XCBuildConfiguration;
			buildSettings = {
				ALWAYS_SEARCH_USER_PATHS = NO;
				CLANG_CXX_LANGUAGE_STANDARD = "gnu++0x";
				CLANG_CXX_LIBRARY = "libc++";
				CLANG_ENABLE_MODULES = YES;
				CLANG_ENABLE_OBJC_ARC = YES;
				CLANG_WARN_BOOL_CONVERSION = YES;
				CLANG_WARN_CONSTANT_CONVERSION = YES;
				CLANG_WARN_DIRECT_OBJC_ISA_USAGE = YES_ERROR;
				CLANG_WARN_EMPTY_BODY = YES;
				CLANG_WARN_ENUM_CONVERSION = YES;
				CLANG_WARN_INFINITE_RECURSION = YES;
				CLANG_WARN_INT_CONVERSION = YES;
				CLANG_WARN_OBJC_ROOT_CLASS = YES_ERROR;
				CLANG_WARN_SUSPICIOUS_MOVE = YES;
				CLANG_WARN_UNREACHABLE_CODE = YES;
				CLANG_WARN__DUPLICATE_METHOD_MATCH = YES;
				"CODE_SIGN_IDENTITY[sdk=iphoneos*]" = "iPhone Developer";
				COPY_PHASE_STRIP = NO;
				DEBUG_INFORMATION_FORMAT = dwarf;
				ENABLE_STRICT_OBJC_MSGSEND = YES;
				ENABLE_TESTABILITY = YES;
				GCC_C_LANGUAGE_STANDARD = gnu99;
				GCC_DYNAMIC_NO_PIC = NO;
				GCC_NO_COMMON_BLOCKS = YES;
				GCC_OPTIMIZATION_LEVEL = 0;
				GCC_PREPROCESSOR_DEFINITIONS = (
					"DEBUG=1",
					"$(inherited)",
				);
				GCC_WARN_64_TO_32_BIT_CONVERSION = YES;
				GCC_WARN_ABOUT_RETURN_TYPE = YES_ERROR;
				GCC_WARN_UNDECLARED_SELECTOR = YES;
				GCC_WARN_UNINITIALIZED_AUTOS = YES_AGGRESSIVE;
				GCC_WARN_UNUSED_FUNCTION = YES;
				GCC_WARN_UNUSED_VARIABLE = YES;
				IPHONEOS_DEPLOYMENT_TARGET = 8.0;
				MTL_ENABLE_DEBUG_INFO = YES;
				ONLY_ACTIVE_ARCH = YES;
				SDKROOT = iphoneos;
				SWIFT_OPTIMIZATION_LEVEL = "-Onone";
			};
			name = Debug;
		};
		B692BEDB1BB5934400A8B098 /* Release */ = {
			isa = XCBuildConfiguration;
			buildSettings = {
				ALWAYS_SEARCH_USER_PATHS = NO;
				CLANG_CXX_LANGUAGE_STANDARD = "gnu++0x";
				CLANG_CXX_LIBRARY = "libc++";
				CLANG_ENABLE_MODULES = YES;
				CLANG_ENABLE_OBJC_ARC = YES;
				CLANG_WARN_BOOL_CONVERSION = YES;
				CLANG_WARN_CONSTANT_CONVERSION = YES;
				CLANG_WARN_DIRECT_OBJC_ISA_USAGE = YES_ERROR;
				CLANG_WARN_EMPTY_BODY = YES;
				CLANG_WARN_ENUM_CONVERSION = YES;
				CLANG_WARN_INFINITE_RECURSION = YES;
				CLANG_WARN_INT_CONVERSION = YES;
				CLANG_WARN_OBJC_ROOT_CLASS = YES_ERROR;
				CLANG_WARN_SUSPICIOUS_MOVE = YES;
				CLANG_WARN_UNREACHABLE_CODE = YES;
				CLANG_WARN__DUPLICATE_METHOD_MATCH = YES;
				"CODE_SIGN_IDENTITY[sdk=iphoneos*]" = "iPhone Developer";
				COPY_PHASE_STRIP = NO;
				DEBUG_INFORMATION_FORMAT = "dwarf-with-dsym";
				ENABLE_NS_ASSERTIONS = NO;
				ENABLE_STRICT_OBJC_MSGSEND = YES;
				GCC_C_LANGUAGE_STANDARD = gnu99;
				GCC_NO_COMMON_BLOCKS = YES;
				GCC_WARN_64_TO_32_BIT_CONVERSION = YES;
				GCC_WARN_ABOUT_RETURN_TYPE = YES_ERROR;
				GCC_WARN_UNDECLARED_SELECTOR = YES;
				GCC_WARN_UNINITIALIZED_AUTOS = YES_AGGRESSIVE;
				GCC_WARN_UNUSED_FUNCTION = YES;
				GCC_WARN_UNUSED_VARIABLE = YES;
				IPHONEOS_DEPLOYMENT_TARGET = 8.0;
				MTL_ENABLE_DEBUG_INFO = NO;
				SDKROOT = iphoneos;
				SWIFT_OPTIMIZATION_LEVEL = "-Owholemodule";
				VALIDATE_PRODUCT = YES;
			};
			name = Release;
		};
		B692BEDD1BB5934400A8B098 /* Debug */ = {
			isa = XCBuildConfiguration;
			buildSettings = {
				ASSETCATALOG_COMPILER_APPICON_NAME = AppIcon;
				INFOPLIST_FILE = KCJogDial/Info.plist;
				LD_RUNPATH_SEARCH_PATHS = "$(inherited) @executable_path/Frameworks";
				PRODUCT_BUNDLE_IDENTIFIER = kciter.KCJogDial;
				PRODUCT_NAME = KCHorizontalDial;
				SWIFT_VERSION = 4.0;
			};
			name = Debug;
		};
		B692BEDE1BB5934400A8B098 /* Release */ = {
			isa = XCBuildConfiguration;
			buildSettings = {
				ASSETCATALOG_COMPILER_APPICON_NAME = AppIcon;
				INFOPLIST_FILE = KCJogDial/Info.plist;
				LD_RUNPATH_SEARCH_PATHS = "$(inherited) @executable_path/Frameworks";
				PRODUCT_BUNDLE_IDENTIFIER = kciter.KCJogDial;
				PRODUCT_NAME = KCHorizontalDial;
				SWIFT_VERSION = 4.0;
			};
			name = Release;
		};
		B692BEE01BB5934400A8B098 /* Debug */ = {
			isa = XCBuildConfiguration;
			buildSettings = {
				INFOPLIST_FILE = KCJogDialUITests/Info.plist;
				LD_RUNPATH_SEARCH_PATHS = "$(inherited) @executable_path/Frameworks @loader_path/Frameworks";
				PRODUCT_BUNDLE_IDENTIFIER = kciter.KCJogDialUITests;
				PRODUCT_NAME = KCHorizontalDial;
				TEST_TARGET_NAME = KCJogDial;
				USES_XCTRUNNER = YES;
			};
			name = Debug;
		};
		B692BEE11BB5934400A8B098 /* Release */ = {
			isa = XCBuildConfiguration;
			buildSettings = {
				INFOPLIST_FILE = KCJogDialUITests/Info.plist;
				LD_RUNPATH_SEARCH_PATHS = "$(inherited) @executable_path/Frameworks @loader_path/Frameworks";
				PRODUCT_BUNDLE_IDENTIFIER = kciter.KCJogDialUITests;
				PRODUCT_NAME = KCHorizontalDial;
				TEST_TARGET_NAME = KCJogDial;
				USES_XCTRUNNER = YES;
			};
			name = Release;
		};
/* End XCBuildConfiguration section */

/* Begin XCConfigurationList section */
		B692BEBA1BB5934400A8B098 /* Build configuration list for PBXProject "HorizontalDial" */ = {
			isa = XCConfigurationList;
			buildConfigurations = (
				B692BEDA1BB5934400A8B098 /* Debug */,
				B692BEDB1BB5934400A8B098 /* Release */,
			);
			defaultConfigurationIsVisible = 0;
			defaultConfigurationName = Release;
		};
		B692BEDC1BB5934400A8B098 /* Build configuration list for PBXNativeTarget "KCHorizontalDial" */ = {
			isa = XCConfigurationList;
			buildConfigurations = (
				B692BEDD1BB5934400A8B098 /* Debug */,
				B692BEDE1BB5934400A8B098 /* Release */,
			);
			defaultConfigurationIsVisible = 0;
			defaultConfigurationName = Release;
		};
		B692BEDF1BB5934400A8B098 /* Build configuration list for PBXNativeTarget "KCHorizontalDialUITests" */ = {
			isa = XCConfigurationList;
			buildConfigurations = (
				B692BEE01BB5934400A8B098 /* Debug */,
				B692BEE11BB5934400A8B098 /* Release */,
			);
			defaultConfigurationIsVisible = 0;
			defaultConfigurationName = Release;
		};
/* End XCConfigurationList section */
	};
	rootObject = B692BEB71BB5934400A8B098 /* Project object */;
}
